
Microsoft Visual Studio Solution File, Format Version 12.00
# Visual Studio Version 17
VisualStudioVersion = 17.6.33801.468
MinimumVisualStudioVersion = 10.0.40219.1
Project("{FAE04EC0-301F-11D3-BF4B-00C04F79EFBC}") = "TOYOTA.Busines", "TOYOTA.Busines\TOYOTA.Busines.csproj", "{D1A4542E-DA4B-4448-9F55-EAAE2E786D98}"
EndProject
Project("{FAE04EC0-301F-11D3-BF4B-00C04F79EFBC}") = "TOYOTA.DataAccess", "TOYOTA.DataAccess\TOYOTA.DataAccess.csproj", "{E6F04EFF-AED6-4906-B9AE-54A36FBA91F0}"
EndProject
Project("{FAE04EC0-301F-11D3-BF4B-00C04F79EFBC}") = "TOYOTA.Model", "TOYOTA.Model\TOYOTA.Model.csproj", "{350ED4F5-FAFF-4D06-84C1-80BD8E09C323}"
EndProject
Project("{FAE04EC0-301F-11D3-BF4B-00C04F79EFBC}") = "Infrastructure", "Infrastructure\Infrastructure.csproj", "{10821EF1-2FC1-489D-A662-180ED50BF195}"
EndProject
Project("{FAE04EC0-301F-11D3-BF4B-00C04F79EFBC}") = "TOYOTA.WebAPI", "TOYOTA.WebAPI\TOYOTA.WebAPI.csproj", "{25CCF26D-B381-402E-BC3A-0A421CE90800}"
EndProject
Global
	GlobalSection(SolutionConfigurationPlatforms) = preSolution
		Debug|Any CPU = Debug|Any CPU
		Release|Any CPU = Release|Any CPU
	EndGlobalSection
	GlobalSection(ProjectConfigurationPlatforms) = postSolution
		{D1A4542E-DA4B-4448-9F55-EAAE2E786D98}.Debug|Any CPU.ActiveCfg = Debug|Any CPU
		{D1A4542E-DA4B-4448-9F55-EAAE2E786D98}.Debug|Any CPU.Build.0 = Debug|Any CPU
		{D1A4542E-DA4B-4448-9F55-EAAE2E786D98}.Release|Any CPU.ActiveCfg = Release|Any CPU
		{D1A4542E-DA4B-4448-9F55-EAAE2E786D98}.Release|Any CPU.Build.0 = Release|Any CPU
		{E6F04EFF-AED6-4906-B9AE-54A36FBA91F0}.Debug|Any CPU.ActiveCfg = Debug|Any CPU
		{E6F04EFF-AED6-4906-B9AE-54A36FBA91F0}.Debug|Any CPU.Build.0 = Debug|Any CPU
		{E6F04EFF-AED6-4906-B9AE-54A36FBA91F0}.Release|Any CPU.ActiveCfg = Release|Any CPU
		{E6F04EFF-AED6-4906-B9AE-54A36FBA91F0}.Release|Any CPU.Build.0 = Release|Any CPU
		{350ED4F5-FAFF-4D06-84C1-80BD8E09C323}.Debug|Any CPU.ActiveCfg = Debug|Any CPU
		{350ED4F5-FAFF-4D06-84C1-80BD8E09C323}.Debug|Any CPU.Build.0 = Debug|Any CPU
		{350ED4F5-FAFF-4D06-84C1-80BD8E09C323}.Release|Any CPU.ActiveCfg = Release|Any CPU
		{350ED4F5-FAFF-4D06-84C1-80BD8E09C323}.Release|Any CPU.Build.0 = Release|Any CPU
		{10821EF1-2FC1-489D-A662-180ED50BF195}.Debug|Any CPU.ActiveCfg = Debug|Any CPU
		{10821EF1-2FC1-489D-A662-180ED50BF195}.Debug|Any CPU.Build.0 = Debug|Any CPU
		{10821EF1-2FC1-489D-A662-180ED50BF195}.Release|Any CPU.ActiveCfg = Release|Any CPU
		{10821EF1-2FC1-489D-A662-180ED50BF195}.Release|Any CPU.Build.0 = Release|Any CPU
		{25CCF26D-B381-402E-BC3A-0A421CE90800}.Debug|Any CPU.ActiveCfg = Debug|Any CPU
		{25CCF26D-B381-402E-BC3A-0A421CE90800}.Debug|Any CPU.Build.0 = Debug|Any CPU
		{25CCF26D-B381-402E-BC3A-0A421CE90800}.Release|Any CPU.ActiveCfg = Release|Any CPU
		{25CCF26D-B381-402E-BC3A-0A421CE90800}.Release|Any CPU.Build.0 = Release|Any CPU
	EndGlobalSection
	GlobalSection(SolutionProperties) = preSolution
		HideSolutionNode = FALSE
	EndGlobalSection
	GlobalSection(ExtensibilityGlobals) = postSolution
		SolutionGuid = {3DBFCCC0-31E2-4A45-A10E-03B2A49B73A6}
	EndGlobalSection
EndGlobal
